<?xml version="1.0" encoding="utf-8"?>
<Project ToolsVersion="4.0" xmlns="http://schemas.microsoft.com/developer/msbuild/2003">
  <ItemGroup>
    <Filter Include="Header">
      <UniqueIdentifier>{2cd3514b-7e9d-4a12-9601-054b46d9db56}</UniqueIdentifier>
      <Extensions>h;hpp;hxx;hm;inl;inc;xsd</Extensions>
    </Filter>
    <Filter Include="Source">
      <UniqueIdentifier>{ce17fb0e-bda9-412f-aa57-da6131b967c2}</UniqueIdentifier>
      <Extensions>cpp;c;cc;cxx;def;odl;idl;hpj;bat;asm;asmx</Extensions>
    </Filter>
  </ItemGroup>
  <ItemGroup>
    <ClInclude Include="..\cdll_export.h">
      <Filter>Header</Filter>
    </ClInclude>
    <ClInclude Include="LoadBlob.h">
      <Filter>Header</Filter>
    </ClInclude>
    <ClInclude Include="metahook.h">
      <Filter>Header</Filter>
    </ClInclude>
  </ItemGroup>
  <ItemGroup>
    <ClCompile Include="cdll_export.cpp">
      <Filter>Source</Filter>
    </ClCompile>
    <ClCompile Include="..\Launcher\commandline.cpp">
      <Filter>Source</Filter>
    </ClCompile>
    <ClCompile Include="LoadBlob.cpp">
      <Filter>Source</Filter>
    </ClCompile>
    <ClCompile Include="..\metahook_proxy.cpp">
      <Filter>Source</Filter>
    </ClCompile>
    <ClCompile Include="..\Launcher\registry.cpp">
      <Filter>Source</Filter>
    </ClCompile>
  </ItemGroup>
</Project>